// !$*UTF8*$!
{
	archiveVersion = 1;
	classes = {
	};
	objectVersion = 56;
	objects = {

/* Begin PBXBuildFile section */
		184E954E299589FD006CBA9B /* UILabel+App.swift in Sources */ = {isa = PBXBuildFile; fileRef = 184E954D299589FD006CBA9B /* UILabel+App.swift */; };
		184E955E2995975D006CBA9B /* BottomSheetAssembly.swift in Sources */ = {isa = PBXBuildFile; fileRef = 184E95532995975D006CBA9B /* BottomSheetAssembly.swift */; };
		184E955F2995975D006CBA9B /* BottomSheetContracts.swift in Sources */ = {isa = PBXBuildFile; fileRef = 184E95552995975D006CBA9B /* BottomSheetContracts.swift */; };
		184E95602995975D006CBA9B /* BottomSheetPresenter.swift in Sources */ = {isa = PBXBuildFile; fileRef = 184E95572995975D006CBA9B /* BottomSheetPresenter.swift */; };
		184E95622995975D006CBA9B /* BottomSheetInteractor.swift in Sources */ = {isa = PBXBuildFile; fileRef = 184E955B2995975D006CBA9B /* BottomSheetInteractor.swift */; };
		184E95632995975D006CBA9B /* BottomSheetRouter.swift in Sources */ = {isa = PBXBuildFile; fileRef = 184E955D2995975D006CBA9B /* BottomSheetRouter.swift */; };
		18BE9FC4298D961F008A513D /* AppDelegate.swift in Sources */ = {isa = PBXBuildFile; fileRef = 18BE9FC3298D961F008A513D /* AppDelegate.swift */; };
		18BE9FCD298D9621008A513D /* Assets.xcassets in Resources */ = {isa = PBXBuildFile; fileRef = 18BE9FCC298D9621008A513D /* Assets.xcassets */; };
		18BE9FD0298D9621008A513D /* LaunchScreen.storyboard in Resources */ = {isa = PBXBuildFile; fileRef = 18BE9FCE298D9621008A513D /* LaunchScreen.storyboard */; };
		18BE9FE2298D9BF3008A513D /* UIColor+App.swift in Sources */ = {isa = PBXBuildFile; fileRef = 18BE9FE1298D9BF3008A513D /* UIColor+App.swift */; };
		18BE9FF2298DA146008A513D /* MainAssembly.swift in Sources */ = {isa = PBXBuildFile; fileRef = 18BE9FE7298DA146008A513D /* MainAssembly.swift */; };
		18BE9FF3298DA146008A513D /* MainContracts.swift in Sources */ = {isa = PBXBuildFile; fileRef = 18BE9FE9298DA146008A513D /* MainContracts.swift */; };
		18BE9FF4298DA146008A513D /* MainPresenter.swift in Sources */ = {isa = PBXBuildFile; fileRef = 18BE9FEB298DA146008A513D /* MainPresenter.swift */; };
		18BE9FF5298DA146008A513D /* MainViewController.swift in Sources */ = {isa = PBXBuildFile; fileRef = 18BE9FED298DA146008A513D /* MainViewController.swift */; };
		18BE9FF6298DA146008A513D /* MainInteractor.swift in Sources */ = {isa = PBXBuildFile; fileRef = 18BE9FEF298DA146008A513D /* MainInteractor.swift */; };
		18BE9FF7298DA146008A513D /* MainRouter.swift in Sources */ = {isa = PBXBuildFile; fileRef = 18BE9FF1298DA146008A513D /* MainRouter.swift */; };
		18BE9FFC298DA21B008A513D /* AlertBuilder.swift in Sources */ = {isa = PBXBuildFile; fileRef = 18BE9FF9298DA21B008A513D /* AlertBuilder.swift */; };
		18BE9FFD298DA21B008A513D /* AlertConfig.swift in Sources */ = {isa = PBXBuildFile; fileRef = 18BE9FFA298DA21B008A513D /* AlertConfig.swift */; };
		18BE9FFE298DA21B008A513D /* AlertShowableProtocol.swift in Sources */ = {isa = PBXBuildFile; fileRef = 18BE9FFB298DA21B008A513D /* AlertShowableProtocol.swift */; };
		18EE984A29995FB7001F8BE4 /* TopCollectionView.swift in Sources */ = {isa = PBXBuildFile; fileRef = 18EE984929995FB7001F8BE4 /* TopCollectionView.swift */; };
		18EE984C299961D5001F8BE4 /* CellModel.swift in Sources */ = {isa = PBXBuildFile; fileRef = 18EE984B299961D5001F8BE4 /* CellModel.swift */; };
		18EE984E29996496001F8BE4 /* CollectionViewCell.swift in Sources */ = {isa = PBXBuildFile; fileRef = 18EE984D29996496001F8BE4 /* CollectionViewCell.swift */; };
		18EE985029997875001F8BE4 /* BottomCollectionView.swift in Sources */ = {isa = PBXBuildFile; fileRef = 18EE984F29997875001F8BE4 /* BottomCollectionView.swift */; };
		18FAA54529956C170043DAD5 /* BottomSheetViewController.swift in Sources */ = {isa = PBXBuildFile; fileRef = 18FAA54429956C170043DAD5 /* BottomSheetViewController.swift */; };
/* End PBXBuildFile section */

/* Begin PBXFileReference section */
		184E954D299589FD006CBA9B /* UILabel+App.swift */ = {isa = PBXFileReference; fileEncoding = 4; lastKnownFileType = sourcecode.swift; path = "UILabel+App.swift"; sourceTree = "<group>"; };
		184E95532995975D006CBA9B /* BottomSheetAssembly.swift */ = {isa = PBXFileReference; fileEncoding = 4; lastKnownFileType = sourcecode.swift; path = BottomSheetAssembly.swift; sourceTree = "<group>"; };
		184E95552995975D006CBA9B /* BottomSheetContracts.swift */ = {isa = PBXFileReference; fileEncoding = 4; lastKnownFileType = sourcecode.swift; path = BottomSheetContracts.swift; sourceTree = "<group>"; };
		184E95572995975D006CBA9B /* BottomSheetPresenter.swift */ = {isa = PBXFileReference; fileEncoding = 4; lastKnownFileType = sourcecode.swift; path = BottomSheetPresenter.swift; sourceTree = "<group>"; };
		184E955B2995975D006CBA9B /* BottomSheetInteractor.swift */ = {isa = PBXFileReference; fileEncoding = 4; lastKnownFileType = sourcecode.swift; path = BottomSheetInteractor.swift; sourceTree = "<group>"; };
		184E955D2995975D006CBA9B /* BottomSheetRouter.swift */ = {isa = PBXFileReference; fileEncoding = 4; lastKnownFileType = sourcecode.swift; path = BottomSheetRouter.swift; sourceTree = "<group>"; };
		18BE9FC0298D961F008A513D /* SurfTestApp.app */ = {isa = PBXFileReference; explicitFileType = wrapper.application; includeInIndex = 0; path = SurfTestApp.app; sourceTree = BUILT_PRODUCTS_DIR; };
		18BE9FC3298D961F008A513D /* AppDelegate.swift */ = {isa = PBXFileReference; lastKnownFileType = sourcecode.swift; path = AppDelegate.swift; sourceTree = "<group>"; };
		18BE9FCC298D9621008A513D /* Assets.xcassets */ = {isa = PBXFileReference; lastKnownFileType = folder.assetcatalog; path = Assets.xcassets; sourceTree = "<group>"; };
		18BE9FCF298D9621008A513D /* Base */ = {isa = PBXFileReference; lastKnownFileType = file.storyboard; name = Base; path = Base.lproj/LaunchScreen.storyboard; sourceTree = "<group>"; };
		18BE9FD1298D9621008A513D /* Info.plist */ = {isa = PBXFileReference; lastKnownFileType = text.plist.xml; path = Info.plist; sourceTree = "<group>"; };
		18BE9FE1298D9BF3008A513D /* UIColor+App.swift */ = {isa = PBXFileReference; lastKnownFileType = sourcecode.swift; path = "UIColor+App.swift"; sourceTree = "<group>"; };
		18BE9FE7298DA146008A513D /* MainAssembly.swift */ = {isa = PBXFileReference; fileEncoding = 4; lastKnownFileType = sourcecode.swift; path = MainAssembly.swift; sourceTree = "<group>"; };
		18BE9FE9298DA146008A513D /* MainContracts.swift */ = {isa = PBXFileReference; fileEncoding = 4; lastKnownFileType = sourcecode.swift; path = MainContracts.swift; sourceTree = "<group>"; };
		18BE9FEB298DA146008A513D /* MainPresenter.swift */ = {isa = PBXFileReference; fileEncoding = 4; lastKnownFileType = sourcecode.swift; path = MainPresenter.swift; sourceTree = "<group>"; };
		18BE9FED298DA146008A513D /* MainViewController.swift */ = {isa = PBXFileReference; fileEncoding = 4; lastKnownFileType = sourcecode.swift; path = MainViewController.swift; sourceTree = "<group>"; };
		18BE9FEF298DA146008A513D /* MainInteractor.swift */ = {isa = PBXFileReference; fileEncoding = 4; lastKnownFileType = sourcecode.swift; path = MainInteractor.swift; sourceTree = "<group>"; };
		18BE9FF1298DA146008A513D /* MainRouter.swift */ = {isa = PBXFileReference; fileEncoding = 4; lastKnownFileType = sourcecode.swift; path = MainRouter.swift; sourceTree = "<group>"; };
		18BE9FF9298DA21B008A513D /* AlertBuilder.swift */ = {isa = PBXFileReference; fileEncoding = 4; lastKnownFileType = sourcecode.swift; path = AlertBuilder.swift; sourceTree = "<group>"; };
		18BE9FFA298DA21B008A513D /* AlertConfig.swift */ = {isa = PBXFileReference; fileEncoding = 4; lastKnownFileType = sourcecode.swift; path = AlertConfig.swift; sourceTree = "<group>"; };
		18BE9FFB298DA21B008A513D /* AlertShowableProtocol.swift */ = {isa = PBXFileReference; fileEncoding = 4; lastKnownFileType = sourcecode.swift; path = AlertShowableProtocol.swift; sourceTree = "<group>"; };
		18EE984929995FB7001F8BE4 /* TopCollectionView.swift */ = {isa = PBXFileReference; lastKnownFileType = sourcecode.swift; path = TopCollectionView.swift; sourceTree = "<group>"; };
		18EE984B299961D5001F8BE4 /* CellModel.swift */ = {isa = PBXFileReference; lastKnownFileType = sourcecode.swift; path = CellModel.swift; sourceTree = "<group>"; };
		18EE984D29996496001F8BE4 /* CollectionViewCell.swift */ = {isa = PBXFileReference; lastKnownFileType = sourcecode.swift; path = CollectionViewCell.swift; sourceTree = "<group>"; };
		18EE984F29997875001F8BE4 /* BottomCollectionView.swift */ = {isa = PBXFileReference; lastKnownFileType = sourcecode.swift; path = BottomCollectionView.swift; sourceTree = "<group>"; };
		18FAA54429956C170043DAD5 /* BottomSheetViewController.swift */ = {isa = PBXFileReference; lastKnownFileType = sourcecode.swift; path = BottomSheetViewController.swift; sourceTree = "<group>"; };
/* End PBXFileReference section */

/* Begin PBXFrameworksBuildPhase section */
		18BE9FBD298D961F008A513D /* Frameworks */ = {
			isa = PBXFrameworksBuildPhase;
			buildActionMask = 2147483647;
			files = (
			);
			runOnlyForDeploymentPostprocessing = 0;
		};
/* End PBXFrameworksBuildPhase section */

/* Begin PBXGroup section */
		184E95512995975D006CBA9B /* BottomSheetModule */ = {
			isa = PBXGroup;
			children = (
				184E95522995975D006CBA9B /* Assembly */,
				184E95542995975D006CBA9B /* Contracts */,
				184E95562995975D006CBA9B /* Presenter */,
				184E95582995975D006CBA9B /* View */,
				184E955A2995975D006CBA9B /* Interactor */,
				184E955C2995975D006CBA9B /* Router */,
			);
			path = BottomSheetModule;
			sourceTree = "<group>";
		};
		184E95522995975D006CBA9B /* Assembly */ = {
			isa = PBXGroup;
			children = (
				184E95532995975D006CBA9B /* BottomSheetAssembly.swift */,
			);
			path = Assembly;
			sourceTree = "<group>";
		};
		184E95542995975D006CBA9B /* Contracts */ = {
			isa = PBXGroup;
			children = (
				184E95552995975D006CBA9B /* BottomSheetContracts.swift */,
			);
			path = Contracts;
			sourceTree = "<group>";
		};
		184E95562995975D006CBA9B /* Presenter */ = {
			isa = PBXGroup;
			children = (
				184E95572995975D006CBA9B /* BottomSheetPresenter.swift */,
			);
			path = Presenter;
			sourceTree = "<group>";
		};
		184E95582995975D006CBA9B /* View */ = {
			isa = PBXGroup;
			children = (
				18FAA54429956C170043DAD5 /* BottomSheetViewController.swift */,
				18EE984929995FB7001F8BE4 /* TopCollectionView.swift */,
				18EE984F29997875001F8BE4 /* BottomCollectionView.swift */,
				18EE984B299961D5001F8BE4 /* CellModel.swift */,
				18EE984D29996496001F8BE4 /* CollectionViewCell.swift */,
			);
			path = View;
			sourceTree = "<group>";
		};
		184E955A2995975D006CBA9B /* Interactor */ = {
			isa = PBXGroup;
			children = (
				184E955B2995975D006CBA9B /* BottomSheetInteractor.swift */,
			);
			path = Interactor;
			sourceTree = "<group>";
		};
		184E955C2995975D006CBA9B /* Router */ = {
			isa = PBXGroup;
			children = (
				184E955D2995975D006CBA9B /* BottomSheetRouter.swift */,
			);
			path = Router;
			sourceTree = "<group>";
		};
		18BE9FB7298D961F008A513D = {
			isa = PBXGroup;
			children = (
				18BE9FC2298D961F008A513D /* SurfTestApp */,
				18BE9FC1298D961F008A513D /* Products */,
			);
			sourceTree = "<group>";
		};
		18BE9FC1298D961F008A513D /* Products */ = {
			isa = PBXGroup;
			children = (
				18BE9FC0298D961F008A513D /* SurfTestApp.app */,
			);
			name = Products;
			sourceTree = "<group>";
		};
		18BE9FC2298D961F008A513D /* SurfTestApp */ = {
			isa = PBXGroup;
			children = (
				18BE9FF8298DA207008A513D /* CommonUI */,
				18BE9FDE298D9BC5008A513D /* UIConstants */,
				18BE9FE5298DA146008A513D /* MainModule */,
				184E95512995975D006CBA9B /* BottomSheetModule */,
				18BE9FC3298D961F008A513D /* AppDelegate.swift */,
				18BE9FCC298D9621008A513D /* Assets.xcassets */,
				18BE9FCE298D9621008A513D /* LaunchScreen.storyboard */,
				18BE9FD1298D9621008A513D /* Info.plist */,
			);
			path = SurfTestApp;
			sourceTree = "<group>";
		};
		18BE9FDE298D9BC5008A513D /* UIConstants */ = {
			isa = PBXGroup;
			children = (
				184E954D299589FD006CBA9B /* UILabel+App.swift */,
				18BE9FE1298D9BF3008A513D /* UIColor+App.swift */,
			);
			path = UIConstants;
			sourceTree = "<group>";
		};
		18BE9FE5298DA146008A513D /* MainModule */ = {
			isa = PBXGroup;
			children = (
				18BE9FE6298DA146008A513D /* Assembly */,
				18BE9FE8298DA146008A513D /* Contracts */,
				18BE9FEA298DA146008A513D /* Presenter */,
				18BE9FEC298DA146008A513D /* View */,
				18BE9FEE298DA146008A513D /* Interactor */,
				18BE9FF0298DA146008A513D /* Router */,
			);
			path = MainModule;
			sourceTree = "<group>";
		};
		18BE9FE6298DA146008A513D /* Assembly */ = {
			isa = PBXGroup;
			children = (
				18BE9FE7298DA146008A513D /* MainAssembly.swift */,
			);
			path = Assembly;
			sourceTree = "<group>";
		};
		18BE9FE8298DA146008A513D /* Contracts */ = {
			isa = PBXGroup;
			children = (
				18BE9FE9298DA146008A513D /* MainContracts.swift */,
			);
			path = Contracts;
			sourceTree = "<group>";
		};
		18BE9FEA298DA146008A513D /* Presenter */ = {
			isa = PBXGroup;
			children = (
				18BE9FEB298DA146008A513D /* MainPresenter.swift */,
			);
			path = Presenter;
			sourceTree = "<group>";
		};
		18BE9FEC298DA146008A513D /* View */ = {
			isa = PBXGroup;
			children = (
				18BE9FED298DA146008A513D /* MainViewController.swift */,
			);
			path = View;
			sourceTree = "<group>";
		};
		18BE9FEE298DA146008A513D /* Interactor */ = {
			isa = PBXGroup;
			children = (
				18BE9FEF298DA146008A513D /* MainInteractor.swift */,
			);
			path = Interactor;
			sourceTree = "<group>";
		};
		18BE9FF0298DA146008A513D /* Router */ = {
			isa = PBXGroup;
			children = (
				18BE9FF1298DA146008A513D /* MainRouter.swift */,
			);
			path = Router;
			sourceTree = "<group>";
		};
		18BE9FF8298DA207008A513D /* CommonUI */ = {
			isa = PBXGroup;
			children = (
				18BE9FF9298DA21B008A513D /* AlertBuilder.swift */,
				18BE9FFA298DA21B008A513D /* AlertConfig.swift */,
				18BE9FFB298DA21B008A513D /* AlertShowableProtocol.swift */,
			);
			path = CommonUI;
			sourceTree = "<group>";
		};
/* End PBXGroup section */

/* Begin PBXNativeTarget section */
		18BE9FBF298D961F008A513D /* SurfTestApp */ = {
			isa = PBXNativeTarget;
			buildConfigurationList = 18BE9FD4298D9621008A513D /* Build configuration list for PBXNativeTarget "SurfTestApp" */;
			buildPhases = (
				18BE9FBC298D961F008A513D /* Sources */,
				18BE9FBD298D961F008A513D /* Frameworks */,
				18BE9FBE298D961F008A513D /* Resources */,
			);
			buildRules = (
			);
			dependencies = (
			);
			name = SurfTestApp;
			productName = SurfTestApp;
			productReference = 18BE9FC0298D961F008A513D /* SurfTestApp.app */;
			productType = "com.apple.product-type.application";
		};
/* End PBXNativeTarget section */

/* Begin PBXProject section */
		18BE9FB8298D961F008A513D /* Project object */ = {
			isa = PBXProject;
			attributes = {
				BuildIndependentTargetsInParallel = 1;
				LastSwiftUpdateCheck = 1420;
				LastUpgradeCheck = 1420;
				TargetAttributes = {
					18BE9FBF298D961F008A513D = {
						CreatedOnToolsVersion = 14.2;
					};
				};
			};
			buildConfigurationList = 18BE9FBB298D961F008A513D /* Build configuration list for PBXProject "SurfTestApp" */;
			compatibilityVersion = "Xcode 14.0";
			developmentRegion = en;
			hasScannedForEncodings = 0;
			knownRegions = (
				en,
				Base,
			);
			mainGroup = 18BE9FB7298D961F008A513D;
			productRefGroup = 18BE9FC1298D961F008A513D /* Products */;
			projectDirPath = "";
			projectRoot = "";
			targets = (
				18BE9FBF298D961F008A513D /* SurfTestApp */,
			);
		};
/* End PBXProject section */

/* Begin PBXResourcesBuildPhase section */
		18BE9FBE298D961F008A513D /* Resources */ = {
			isa = PBXResourcesBuildPhase;
			buildActionMask = 2147483647;
			files = (
				18BE9FD0298D9621008A513D /* LaunchScreen.storyboard in Resources */,
				18BE9FCD298D9621008A513D /* Assets.xcassets in Resources */,
			);
			runOnlyForDeploymentPostprocessing = 0;
		};
/* End PBXResourcesBuildPhase section */

/* Begin PBXSourcesBuildPhase section */
		18BE9FBC298D961F008A513D /* Sources */ = {
			isa = PBXSourcesBuildPhase;
			buildActionMask = 2147483647;
			files = (
				184E955E2995975D006CBA9B /* BottomSheetAssembly.swift in Sources */,
				18BE9FF3298DA146008A513D /* MainContracts.swift in Sources */,
				184E955F2995975D006CBA9B /* BottomSheetContracts.swift in Sources */,
				18EE985029997875001F8BE4 /* BottomCollectionView.swift in Sources */,
				18EE984C299961D5001F8BE4 /* CellModel.swift in Sources */,
				18BE9FF2298DA146008A513D /* MainAssembly.swift in Sources */,
				18BE9FE2298D9BF3008A513D /* UIColor+App.swift in Sources */,
				18BE9FFC298DA21B008A513D /* AlertBuilder.swift in Sources */,
				18BE9FF7298DA146008A513D /* MainRouter.swift in Sources */,
				184E954E299589FD006CBA9B /* UILabel+App.swift in Sources */,
				18BE9FF6298DA146008A513D /* MainInteractor.swift in Sources */,
				18BE9FF4298DA146008A513D /* MainPresenter.swift in Sources */,
				184E95632995975D006CBA9B /* BottomSheetRouter.swift in Sources */,
				18BE9FFD298DA21B008A513D /* AlertConfig.swift in Sources */,
				184E95622995975D006CBA9B /* BottomSheetInteractor.swift in Sources */,
				184E95602995975D006CBA9B /* BottomSheetPresenter.swift in Sources */,
				18EE984A29995FB7001F8BE4 /* TopCollectionView.swift in Sources */,
				18EE984E29996496001F8BE4 /* CollectionViewCell.swift in Sources */,
				18BE9FFE298DA21B008A513D /* AlertShowableProtocol.swift in Sources */,
				18BE9FC4298D961F008A513D /* AppDelegate.swift in Sources */,
				18BE9FF5298DA146008A513D /* MainViewController.swift in Sources */,
				18FAA54529956C170043DAD5 /* BottomSheetViewController.swift in Sources */,
			);
			runOnlyForDeploymentPostprocessing = 0;
		};
/* End PBXSourcesBuildPhase section */

/* Begin PBXVariantGroup section */
		18BE9FCE298D9621008A513D /* LaunchScreen.storyboard */ = {
			isa = PBXVariantGroup;
			children = (
				18BE9FCF298D9621008A513D /* Base */,
			);
			name = LaunchScreen.storyboard;
			sourceTree = "<group>";
		};
/* End PBXVariantGroup section */

/* Begin XCBuildConfiguration section */
		18BE9FD2298D9621008A513D /* Debug */ = {
			isa = XCBuildConfiguration;
			buildSettings = {
				ALWAYS_SEARCH_USER_PATHS = NO;
				CLANG_ANALYZER_NONNULL = YES;
				CLANG_ANALYZER_NUMBER_OBJECT_CONVERSION = YES_AGGRESSIVE;
				CLANG_CXX_LANGUAGE_STANDARD = "gnu++20";
				CLANG_ENABLE_MODULES = YES;
				CLANG_ENABLE_OBJC_ARC = YES;
				CLANG_ENABLE_OBJC_WEAK = YES;
				CLANG_WARN_BLOCK_CAPTURE_AUTORELEASING = YES;
				CLANG_WARN_BOOL_CONVERSION = YES;
				CLANG_WARN_COMMA = YES;
				CLANG_WARN_CONSTANT_CONVERSION = YES;
				CLANG_WARN_DEPRECATED_OBJC_IMPLEMENTATIONS = YES;
				CLANG_WARN_DIRECT_OBJC_ISA_USAGE = YES_ERROR;
				CLANG_WARN_DOCUMENTATION_COMMENTS = YES;
				CLANG_WARN_EMPTY_BODY = YES;
				CLANG_WARN_ENUM_CONVERSION = YES;
				CLANG_WARN_INFINITE_RECURSION = YES;
				CLANG_WARN_INT_CONVERSION = YES;
				CLANG_WARN_NON_LITERAL_NULL_CONVERSION = YES;
				CLANG_WARN_OBJC_IMPLICIT_RETAIN_SELF = YES;
				CLANG_WARN_OBJC_LITERAL_CONVERSION = YES;
				CLANG_WARN_OBJC_ROOT_CLASS = YES_ERROR;
				CLANG_WARN_QUOTED_INCLUDE_IN_FRAMEWORK_HEADER = YES;
				CLANG_WARN_RANGE_LOOP_ANALYSIS = YES;
				CLANG_WARN_STRICT_PROTOTYPES = YES;
				CLANG_WARN_SUSPICIOUS_MOVE = YES;
				CLANG_WARN_UNGUARDED_AVAILABILITY = YES_AGGRESSIVE;
				CLANG_WARN_UNREACHABLE_CODE = YES;
				CLANG_WARN__DUPLICATE_METHOD_MATCH = YES;
				COPY_PHASE_STRIP = NO;
				DEBUG_INFORMATION_FORMAT = dwarf;
				ENABLE_STRICT_OBJC_MSGSEND = YES;
				ENABLE_TESTABILITY = YES;
				GCC_C_LANGUAGE_STANDARD = gnu11;
				GCC_DYNAMIC_NO_PIC = NO;
				GCC_NO_COMMON_BLOCKS = YES;
				GCC_OPTIMIZATION_LEVEL = 0;
				GCC_PREPROCESSOR_DEFINITIONS = (
					"DEBUG=1",
					"$(inherited)",
				);
				GCC_WARN_64_TO_32_BIT_CONVERSION = YES;
				GCC_WARN_ABOUT_RETURN_TYPE = YES_ERROR;
				GCC_WARN_UNDECLARED_SELECTOR = YES;
				GCC_WARN_UNINITIALIZED_AUTOS = YES_AGGRESSIVE;
				GCC_WARN_UNUSED_FUNCTION = YES;
				GCC_WARN_UNUSED_VARIABLE = YES;
				IPHONEOS_DEPLOYMENT_TARGET = 16.2;
				MTL_ENABLE_DEBUG_INFO = INCLUDE_SOURCE;
				MTL_FAST_MATH = YES;
				ONLY_ACTIVE_ARCH = YES;
				SDKROOT = iphoneos;
				SWIFT_ACTIVE_COMPILATION_CONDITIONS = DEBUG;
				SWIFT_OPTIMIZATION_LEVEL = "-Onone";
			};
			name = Debug;
		};
		18BE9FD3298D9621008A513D /* Release */ = {
			isa = XCBuildConfiguration;
			buildSettings = {
				ALWAYS_SEARCH_USER_PATHS = NO;
				CLANG_ANALYZER_NONNULL = YES;
				CLANG_ANALYZER_NUMBER_OBJECT_CONVERSION = YES_AGGRESSIVE;
				CLANG_CXX_LANGUAGE_STANDARD = "gnu++20";
				CLANG_ENABLE_MODULES = YES;
				CLANG_ENABLE_OBJC_ARC = YES;
				CLANG_ENABLE_OBJC_WEAK = YES;
				CLANG_WARN_BLOCK_CAPTURE_AUTORELEASING = YES;
				CLANG_WARN_BOOL_CONVERSION = YES;
				CLANG_WARN_COMMA = YES;
				CLANG_WARN_CONSTANT_CONVERSION = YES;
				CLANG_WARN_DEPRECATED_OBJC_IMPLEMENTATIONS = YES;
				CLANG_WARN_DIRECT_OBJC_ISA_USAGE = YES_ERROR;
				CLANG_WARN_DOCUMENTATION_COMMENTS = YES;
				CLANG_WARN_EMPTY_BODY = YES;
				CLANG_WARN_ENUM_CONVERSION = YES;
				CLANG_WARN_INFINITE_RECURSION = YES;
				CLANG_WARN_INT_CONVERSION = YES;
				CLANG_WARN_NON_LITERAL_NULL_CONVERSION = YES;
				CLANG_WARN_OBJC_IMPLICIT_RETAIN_SELF = YES;
				CLANG_WARN_OBJC_LITERAL_CONVERSION = YES;
				CLANG_WARN_OBJC_ROOT_CLASS = YES_ERROR;
				CLANG_WARN_QUOTED_INCLUDE_IN_FRAMEWORK_HEADER = YES;
				CLANG_WARN_RANGE_LOOP_ANALYSIS = YES;
				CLANG_WARN_STRICT_PROTOTYPES = YES;
				CLANG_WARN_SUSPICIOUS_MOVE = YES;
				CLANG_WARN_UNGUARDED_AVAILABILITY = YES_AGGRESSIVE;
				CLANG_WARN_UNREACHABLE_CODE = YES;
				CLANG_WARN__DUPLICATE_METHOD_MATCH = YES;
				COPY_PHASE_STRIP = NO;
				DEBUG_INFORMATION_FORMAT = "dwarf-with-dsym";
				ENABLE_NS_ASSERTIONS = NO;
				ENABLE_STRICT_OBJC_MSGSEND = YES;
				GCC_C_LANGUAGE_STANDARD = gnu11;
				GCC_NO_COMMON_BLOCKS = YES;
				GCC_WARN_64_TO_32_BIT_CONVERSION = YES;
				GCC_WARN_ABOUT_RETURN_TYPE = YES_ERROR;
				GCC_WARN_UNDECLARED_SELECTOR = YES;
				GCC_WARN_UNINITIALIZED_AUTOS = YES_AGGRESSIVE;
				GCC_WARN_UNUSED_FUNCTION = YES;
				GCC_WARN_UNUSED_VARIABLE = YES;
				IPHONEOS_DEPLOYMENT_TARGET = 16.2;
				MTL_ENABLE_DEBUG_INFO = NO;
				MTL_FAST_MATH = YES;
				SDKROOT = iphoneos;
				SWIFT_COMPILATION_MODE = wholemodule;
				SWIFT_OPTIMIZATION_LEVEL = "-O";
				VALIDATE_PRODUCT = YES;
			};
			name = Release;
		};
		18BE9FD5298D9621008A513D /* Debug */ = {
			isa = XCBuildConfiguration;
			buildSettings = {
				ASSETCATALOG_COMPILER_APPICON_NAME = AppIcon;
				ASSETCATALOG_COMPILER_GLOBAL_ACCENT_COLOR_NAME = AccentColor;
				CODE_SIGN_STYLE = Automatic;
				CURRENT_PROJECT_VERSION = 1;
				DEVELOPMENT_TEAM = 8Y6H5QR6S6;
				GENERATE_INFOPLIST_FILE = YES;
				INFOPLIST_FILE = SurfTestApp/Info.plist;
				INFOPLIST_KEY_UIApplicationSupportsIndirectInputEvents = YES;
				INFOPLIST_KEY_UILaunchStoryboardName = LaunchScreen;
				INFOPLIST_KEY_UIMainStoryboardFile = "";
				INFOPLIST_KEY_UISupportedInterfaceOrientations = UIInterfaceOrientationPortrait;
				IPHONEOS_DEPLOYMENT_TARGET = 16.0;
				LD_RUNPATH_SEARCH_PATHS = (
					"$(inherited)",
					"@executable_path/Frameworks",
				);
				MARKETING_VERSION = 1.0;
				PRODUCT_BUNDLE_IDENTIFIER = mbfuji01.SurfTestApp;
				PRODUCT_NAME = "$(TARGET_NAME)";
				SWIFT_EMIT_LOC_STRINGS = YES;
				SWIFT_VERSION = 5.0;
				TARGETED_DEVICE_FAMILY = "1,2";
			};
			name = Debug;
		};
		18BE9FD6298D9621008A513D /* Release */ = {
			isa = XCBuildConfiguration;
			buildSettings = {
				ASSETCATALOG_COMPILER_APPICON_NAME = AppIcon;
				ASSETCATALOG_COMPILER_GLOBAL_ACCENT_COLOR_NAME = AccentColor;
				CODE_SIGN_STYLE = Automatic;
				CURRENT_PROJECT_VERSION = 1;
				DEVELOPMENT_TEAM = 8Y6H5QR6S6;
				GENERATE_INFOPLIST_FILE = YES;
				INFOPLIST_FILE = SurfTestApp/Info.plist;
				INFOPLIST_KEY_UIApplicationSupportsIndirectInputEvents = YES;
				INFOPLIST_KEY_UILaunchStoryboardName = LaunchScreen;
				INFOPLIST_KEY_UIMainStoryboardFile = "";
				INFOPLIST_KEY_UISupportedInterfaceOrientations = UIInterfaceOrientationPortrait;
				IPHONEOS_DEPLOYMENT_TARGET = 16.0;
				LD_RUNPATH_SEARCH_PATHS = (
					"$(inherited)",
					"@executable_path/Frameworks",
				);
				MARKETING_VERSION = 1.0;
				PRODUCT_BUNDLE_IDENTIFIER = mbfuji01.SurfTestApp;
				PRODUCT_NAME = "$(TARGET_NAME)";
				SWIFT_EMIT_LOC_STRINGS = YES;
				SWIFT_VERSION = 5.0;
				TARGETED_DEVICE_FAMILY = "1,2";
			};
			name = Release;
		};
/* End XCBuildConfiguration section */

/* Begin XCConfigurationList section */
		18BE9FBB298D961F008A513D /* Build configuration list for PBXProject "SurfTestApp" */ = {
			isa = XCConfigurationList;
			buildConfigurations = (
				18BE9FD2298D9621008A513D /* Debug */,
				18BE9FD3298D9621008A513D /* Release */,
			);
			defaultConfigurationIsVisible = 0;
			defaultConfigurationName = Release;
		};
		18BE9FD4298D9621008A513D /* Build configuration list for PBXNativeTarget "SurfTestApp" */ = {
			isa = XCConfigurationList;
			buildConfigurations = (
				18BE9FD5298D9621008A513D /* Debug */,
				18BE9FD6298D9621008A513D /* Release */,
			);
			defaultConfigurationIsVisible = 0;
			defaultConfigurationName = Release;
		};
/* End XCConfigurationList section */
	};
	rootObject = 18BE9FB8298D961F008A513D /* Project object */;
}
